
Microsoft Visual Studio Solution File, Format Version 12.00
# Visual Studio Version 16
VisualStudioVersion = 16.0.31402.337
MinimumVisualStudioVersion = 10.0.40219.1
Project("{FAE04EC0-301F-11D3-BF4B-00C04F79EFBC}") = "Admin_bKash", "Admin_bKash\Admin_bKash.csproj", "{821F29D9-FC14-4E2C-B148-1D00BAD60818}"
EndProject
Global
	GlobalSection(SolutionConfigurationPlatforms) = preSolution
		Debug|Any CPU = Debug|Any CPU
		Release|Any CPU = Release|Any CPU
	EndGlobalSection
	GlobalSection(ProjectConfigurationPlatforms) = postSolution
		{821F29D9-FC14-4E2C-B148-1D00BAD60818}.Debug|Any CPU.ActiveCfg = Debug|Any CPU
		{821F29D9-FC14-4E2C-B148-1D00BAD60818}.Debug|Any CPU.Build.0 = Debug|Any CPU
		{821F29D9-FC14-4E2C-B148-1D00BAD60818}.Release|Any CPU.ActiveCfg = Release|Any CPU
		{821F29D9-FC14-4E2C-B148-1D00BAD60818}.Release|Any CPU.Build.0 = Release|Any CPU
	EndGlobalSection
	GlobalSection(SolutionProperties) = preSolution
		HideSolutionNode = FALSE
	EndGlobalSection
	GlobalSection(ExtensibilityGlobals) = postSolution
		SolutionGuid = {0DA099F5-7241-40F4-9AE7-0E6D3FB9C0CC}
	EndGlobalSection
EndGlobal
